
Microsoft Visual Studio Solution File, Format Version 12.00
# Visual Studio Version 16
VisualStudioVersion = 16.0.29709.97
MinimumVisualStudioVersion = 10.0.40219.1
Project("{FAE04EC0-301F-11D3-BF4B-00C04F79EFBC}") = "CMP1124MAlgorithmsAssignment1", "CMP1124MAlgorithmsAssignment1\CMP1124MAlgorithmsAssignment1.csproj", "{03759064-BEE1-4B35-A19A-AB84542EF3F3}"
EndProject
Global
	GlobalSection(SolutionConfigurationPlatforms) = preSolution
		Debug|Any CPU = Debug|Any CPU
		Release|Any CPU = Release|Any CPU
	EndGlobalSection
	GlobalSection(ProjectConfigurationPlatforms) = postSolution
		{03759064-BEE1-4B35-A19A-AB84542EF3F3}.Debug|Any CPU.ActiveCfg = Debug|Any CPU
		{03759064-BEE1-4B35-A19A-AB84542EF3F3}.Debug|Any CPU.Build.0 = Debug|Any CPU
		{03759064-BEE1-4B35-A19A-AB84542EF3F3}.Release|Any CPU.ActiveCfg = Release|Any CPU
		{03759064-BEE1-4B35-A19A-AB84542EF3F3}.Release|Any CPU.Build.0 = Release|Any CPU
	EndGlobalSection
	GlobalSection(SolutionProperties) = preSolution
		HideSolutionNode = FALSE
	EndGlobalSection
	GlobalSection(ExtensibilityGlobals) = postSolution
		SolutionGuid = {712544FB-B978-4018-9B6C-CB64CA1CE3BE}
	EndGlobalSection
EndGlobal
